
Microsoft Visual Studio Solution File, Format Version 12.00
# Visual Studio Version 17
VisualStudioVersion = 17.4.33213.308
MinimumVisualStudioVersion = 10.0.40219.1
Project("{9A19103F-16F7-4668-BE54-9A1E7A4F7556}") = "UDEMY.F.RabbitMQ.publisher", "UDEMY.F.RabbitMQ.publisher\UDEMY.F.RabbitMQ.publisher.csproj", "{78FCBA7A-616B-4BA9-9C3C-66D231DC85A4}"
EndProject
Project("{9A19103F-16F7-4668-BE54-9A1E7A4F7556}") = "UDEMY.F.RabbitMQ.subscriber", "UDEMY.F.RabbitMQ.subscriber\UDEMY.F.RabbitMQ.subscriber.csproj", "{72AFA547-A9DB-48CC-8911-3AFFB22F1E03}"
EndProject
Project("{9A19103F-16F7-4668-BE54-9A1E7A4F7556}") = "Shared", "Shared\Shared.csproj", "{88EDB15B-F53E-493D-A655-CD3B2BD1B5E3}"
EndProject
Project("{9A19103F-16F7-4668-BE54-9A1E7A4F7556}") = "UDEMY.F.RabbitMQWeb.Watermark", "UDEMY.F.RabbitMQWeb.Watermark\UDEMY.F.RabbitMQWeb.Watermark.csproj", "{8178A795-506D-48D5-BFCC-4AC5A02A6E3C}"
EndProject
Global
	GlobalSection(SolutionConfigurationPlatforms) = preSolution
		Debug|Any CPU = Debug|Any CPU
		Release|Any CPU = Release|Any CPU
	EndGlobalSection
	GlobalSection(ProjectConfigurationPlatforms) = postSolution
		{78FCBA7A-616B-4BA9-9C3C-66D231DC85A4}.Debug|Any CPU.ActiveCfg = Debug|Any CPU
		{78FCBA7A-616B-4BA9-9C3C-66D231DC85A4}.Debug|Any CPU.Build.0 = Debug|Any CPU
		{78FCBA7A-616B-4BA9-9C3C-66D231DC85A4}.Release|Any CPU.ActiveCfg = Release|Any CPU
		{78FCBA7A-616B-4BA9-9C3C-66D231DC85A4}.Release|Any CPU.Build.0 = Release|Any CPU
		{72AFA547-A9DB-48CC-8911-3AFFB22F1E03}.Debug|Any CPU.ActiveCfg = Debug|Any CPU
		{72AFA547-A9DB-48CC-8911-3AFFB22F1E03}.Debug|Any CPU.Build.0 = Debug|Any CPU
		{72AFA547-A9DB-48CC-8911-3AFFB22F1E03}.Release|Any CPU.ActiveCfg = Release|Any CPU
		{72AFA547-A9DB-48CC-8911-3AFFB22F1E03}.Release|Any CPU.Build.0 = Release|Any CPU
		{88EDB15B-F53E-493D-A655-CD3B2BD1B5E3}.Debug|Any CPU.ActiveCfg = Debug|Any CPU
		{88EDB15B-F53E-493D-A655-CD3B2BD1B5E3}.Debug|Any CPU.Build.0 = Debug|Any CPU
		{88EDB15B-F53E-493D-A655-CD3B2BD1B5E3}.Release|Any CPU.ActiveCfg = Release|Any CPU
		{88EDB15B-F53E-493D-A655-CD3B2BD1B5E3}.Release|Any CPU.Build.0 = Release|Any CPU
		{8178A795-506D-48D5-BFCC-4AC5A02A6E3C}.Debug|Any CPU.ActiveCfg = Debug|Any CPU
		{8178A795-506D-48D5-BFCC-4AC5A02A6E3C}.Debug|Any CPU.Build.0 = Debug|Any CPU
		{8178A795-506D-48D5-BFCC-4AC5A02A6E3C}.Release|Any CPU.ActiveCfg = Release|Any CPU
		{8178A795-506D-48D5-BFCC-4AC5A02A6E3C}.Release|Any CPU.Build.0 = Release|Any CPU
	EndGlobalSection
	GlobalSection(SolutionProperties) = preSolution
		HideSolutionNode = FALSE
	EndGlobalSection
	GlobalSection(ExtensibilityGlobals) = postSolution
		SolutionGuid = {CC539DC0-0911-4392-BF81-CD06F5159EF7}
	EndGlobalSection
EndGlobal
